
Microsoft Visual Studio Solution File, Format Version 12.00
# Visual Studio Version 17
VisualStudioVersion = 17.0.31903.59
MinimumVisualStudioVersion = 10.0.40219.1
Project("{2150E333-8FDC-42A3-9474-1A3956D46DE8}") = "src", "src", "{683B0F0F-C4E5-4108-8FBB-8A15EAD26C79}"
EndProject
Project("{FAE04EC0-301F-11D3-BF4B-00C04F79EFBC}") = "Bancey.Bot.WorkerService", "src\Bancey.Bot.WorkerService\Bancey.Bot.WorkerService.csproj", "{71EF3909-B9BA-433D-8ECF-910BE3B4C93E}"
EndProject
Project("{2150E333-8FDC-42A3-9474-1A3956D46DE8}") = "tst", "tst", "{88EC2F7E-8D79-46E6-93F1-95054276BFEA}"
EndProject
Project("{FAE04EC0-301F-11D3-BF4B-00C04F79EFBC}") = "Bancey.Bot.Test", "tst\Bancey.Bot.Test\Bancey.Bot.Test.csproj", "{AB702BA0-2320-4CBD-931B-F35EF5B4B407}"
EndProject
Global
	GlobalSection(SolutionConfigurationPlatforms) = preSolution
		Debug|Any CPU = Debug|Any CPU
		Release|Any CPU = Release|Any CPU
	EndGlobalSection
	GlobalSection(SolutionProperties) = preSolution
		HideSolutionNode = FALSE
	EndGlobalSection
	GlobalSection(ProjectConfigurationPlatforms) = postSolution
	{71EF3909-B9BA-433D-8ECF-910BE3B4C93E}.Debug|Any CPU.ActiveCfg = Debug|Any CPU
		{71EF3909-B9BA-433D-8ECF-910BE3B4C93E}.Debug|Any CPU.Build.0 = Debug|Any CPU
		{71EF3909-B9BA-433D-8ECF-910BE3B4C93E}.Release|Any CPU.ActiveCfg = Release|Any CPU
		{71EF3909-B9BA-433D-8ECF-910BE3B4C93E}.Release|Any CPU.Build.0 = Release|Any CPU
		{AB702BA0-2320-4CBD-931B-F35EF5B4B407}.Debug|Any CPU.ActiveCfg = Debug|Any CPU
		{AB702BA0-2320-4CBD-931B-F35EF5B4B407}.Debug|Any CPU.Build.0 = Debug|Any CPU
		{AB702BA0-2320-4CBD-931B-F35EF5B4B407}.Release|Any CPU.ActiveCfg = Release|Any CPU
		{AB702BA0-2320-4CBD-931B-F35EF5B4B407}.Release|Any CPU.Build.0 = Release|Any CPU
	EndGlobalSection
	GlobalSection(NestedProjects) = preSolution
		{71EF3909-B9BA-433D-8ECF-910BE3B4C93E} = {683B0F0F-C4E5-4108-8FBB-8A15EAD26C79}
		{AB702BA0-2320-4CBD-931B-F35EF5B4B407} = {88EC2F7E-8D79-46E6-93F1-95054276BFEA}
	EndGlobalSection
EndGlobal
